
Microsoft Visual Studio Solution File, Format Version 12.00
# Visual Studio Version 17
VisualStudioVersion = 17.9.34728.123
MinimumVisualStudioVersion = 10.0.40219.1
Project("{8BC9CEB8-8B4A-11D0-8D11-00A0C91BC942}") = "Pointers", "Pointers\Pointers.vcxproj", "{085E75C3-8878-477B-B6A1-8CB1CE04456C}"
EndProject
Project("{8BC9CEB8-8B4A-11D0-8D11-00A0C91BC942}") = "TransferParameters", "TransferParameters\TransferParameters.vcxproj", "{D45C25F5-4A8F-418A-B5DA-1D31B57731FB}"
EndProject
Project("{8BC9CEB8-8B4A-11D0-8D11-00A0C91BC942}") = "References", "References\References.vcxproj", "{3BEF5E84-85BD-4A29-9441-13EB21234C84}"
EndProject
Project("{8BC9CEB8-8B4A-11D0-8D11-00A0C91BC942}") = "Dinamic Memory", "Dinamic Memory\Dinamic Memory.vcxproj", "{8642F945-AEFB-4AB1-B328-3C6A35AD2744}"
EndProject
Project("{8BC9CEB8-8B4A-11D0-8D11-00A0C91BC942}") = "Split", "Splint\Splint.vcxproj", "{60724121-0547-4FDE-87A9-42B71F293529}"
EndProject
Project("{8BC9CEB8-8B4A-11D0-8D11-00A0C91BC942}") = "DynamicMemory 2", "DynamicMemory 2\DynamicMemory 2.vcxproj", "{D0DCEC71-363B-4C68-8AC3-2342088D7112}"
EndProject
Project("{8BC9CEB8-8B4A-11D0-8D11-00A0C91BC942}") = "Dynamo", "Dynamo\Dynamo.vcxproj", "{F76CAB6E-9564-4C90-B3B2-0E8CF4610B1A}"
EndProject
Global
	GlobalSection(SolutionConfigurationPlatforms) = preSolution
		Debug|x64 = Debug|x64
		Debug|x86 = Debug|x86
		Release|x64 = Release|x64
		Release|x86 = Release|x86
	EndGlobalSection
	GlobalSection(ProjectConfigurationPlatforms) = postSolution
		{085E75C3-8878-477B-B6A1-8CB1CE04456C}.Debug|x64.ActiveCfg = Debug|x64
		{085E75C3-8878-477B-B6A1-8CB1CE04456C}.Debug|x64.Build.0 = Debug|x64
		{085E75C3-8878-477B-B6A1-8CB1CE04456C}.Debug|x86.ActiveCfg = Debug|Win32
		{085E75C3-8878-477B-B6A1-8CB1CE04456C}.Debug|x86.Build.0 = Debug|Win32
		{085E75C3-8878-477B-B6A1-8CB1CE04456C}.Release|x64.ActiveCfg = Release|x64
		{085E75C3-8878-477B-B6A1-8CB1CE04456C}.Release|x64.Build.0 = Release|x64
		{085E75C3-8878-477B-B6A1-8CB1CE04456C}.Release|x86.ActiveCfg = Release|Win32
		{085E75C3-8878-477B-B6A1-8CB1CE04456C}.Release|x86.Build.0 = Release|Win32
		{D45C25F5-4A8F-418A-B5DA-1D31B57731FB}.Debug|x64.ActiveCfg = Debug|x64
		{D45C25F5-4A8F-418A-B5DA-1D31B57731FB}.Debug|x64.Build.0 = Debug|x64
		{D45C25F5-4A8F-418A-B5DA-1D31B57731FB}.Debug|x86.ActiveCfg = Debug|Win32
		{D45C25F5-4A8F-418A-B5DA-1D31B57731FB}.Debug|x86.Build.0 = Debug|Win32
		{D45C25F5-4A8F-418A-B5DA-1D31B57731FB}.Release|x64.ActiveCfg = Release|x64
		{D45C25F5-4A8F-418A-B5DA-1D31B57731FB}.Release|x64.Build.0 = Release|x64
		{D45C25F5-4A8F-418A-B5DA-1D31B57731FB}.Release|x86.ActiveCfg = Release|Win32
		{D45C25F5-4A8F-418A-B5DA-1D31B57731FB}.Release|x86.Build.0 = Release|Win32
		{3BEF5E84-85BD-4A29-9441-13EB21234C84}.Debug|x64.ActiveCfg = Debug|x64
		{3BEF5E84-85BD-4A29-9441-13EB21234C84}.Debug|x64.Build.0 = Debug|x64
		{3BEF5E84-85BD-4A29-9441-13EB21234C84}.Debug|x86.ActiveCfg = Debug|Win32
		{3BEF5E84-85BD-4A29-9441-13EB21234C84}.Debug|x86.Build.0 = Debug|Win32
		{3BEF5E84-85BD-4A29-9441-13EB21234C84}.Release|x64.ActiveCfg = Release|x64
		{3BEF5E84-85BD-4A29-9441-13EB21234C84}.Release|x64.Build.0 = Release|x64
		{3BEF5E84-85BD-4A29-9441-13EB21234C84}.Release|x86.ActiveCfg = Release|Win32
		{3BEF5E84-85BD-4A29-9441-13EB21234C84}.Release|x86.Build.0 = Release|Win32
		{8642F945-AEFB-4AB1-B328-3C6A35AD2744}.Debug|x64.ActiveCfg = Debug|x64
		{8642F945-AEFB-4AB1-B328-3C6A35AD2744}.Debug|x64.Build.0 = Debug|x64
		{8642F945-AEFB-4AB1-B328-3C6A35AD2744}.Debug|x86.ActiveCfg = Debug|Win32
		{8642F945-AEFB-4AB1-B328-3C6A35AD2744}.Debug|x86.Build.0 = Debug|Win32
		{8642F945-AEFB-4AB1-B328-3C6A35AD2744}.Release|x64.ActiveCfg = Release|x64
		{8642F945-AEFB-4AB1-B328-3C6A35AD2744}.Release|x64.Build.0 = Release|x64
		{8642F945-AEFB-4AB1-B328-3C6A35AD2744}.Release|x86.ActiveCfg = Release|Win32
		{8642F945-AEFB-4AB1-B328-3C6A35AD2744}.Release|x86.Build.0 = Release|Win32
		{60724121-0547-4FDE-87A9-42B71F293529}.Debug|x64.ActiveCfg = Debug|x64
		{60724121-0547-4FDE-87A9-42B71F293529}.Debug|x64.Build.0 = Debug|x64
		{60724121-0547-4FDE-87A9-42B71F293529}.Debug|x86.ActiveCfg = Debug|Win32
		{60724121-0547-4FDE-87A9-42B71F293529}.Debug|x86.Build.0 = Debug|Win32
		{60724121-0547-4FDE-87A9-42B71F293529}.Release|x64.ActiveCfg = Release|x64
		{60724121-0547-4FDE-87A9-42B71F293529}.Release|x64.Build.0 = Release|x64
		{60724121-0547-4FDE-87A9-42B71F293529}.Release|x86.ActiveCfg = Release|Win32
		{60724121-0547-4FDE-87A9-42B71F293529}.Release|x86.Build.0 = Release|Win32
		{D0DCEC71-363B-4C68-8AC3-2342088D7112}.Debug|x64.ActiveCfg = Debug|x64
		{D0DCEC71-363B-4C68-8AC3-2342088D7112}.Debug|x64.Build.0 = Debug|x64
		{D0DCEC71-363B-4C68-8AC3-2342088D7112}.Debug|x86.ActiveCfg = Debug|Win32
		{D0DCEC71-363B-4C68-8AC3-2342088D7112}.Debug|x86.Build.0 = Debug|Win32
		{D0DCEC71-363B-4C68-8AC3-2342088D7112}.Release|x64.ActiveCfg = Release|x64
		{D0DCEC71-363B-4C68-8AC3-2342088D7112}.Release|x64.Build.0 = Release|x64
		{D0DCEC71-363B-4C68-8AC3-2342088D7112}.Release|x86.ActiveCfg = Release|Win32
		{D0DCEC71-363B-4C68-8AC3-2342088D7112}.Release|x86.Build.0 = Release|Win32
		{F76CAB6E-9564-4C90-B3B2-0E8CF4610B1A}.Debug|x64.ActiveCfg = Debug|x64
		{F76CAB6E-9564-4C90-B3B2-0E8CF4610B1A}.Debug|x64.Build.0 = Debug|x64
		{F76CAB6E-9564-4C90-B3B2-0E8CF4610B1A}.Debug|x86.ActiveCfg = Debug|Win32
		{F76CAB6E-9564-4C90-B3B2-0E8CF4610B1A}.Debug|x86.Build.0 = Debug|Win32
		{F76CAB6E-9564-4C90-B3B2-0E8CF4610B1A}.Release|x64.ActiveCfg = Release|x64
		{F76CAB6E-9564-4C90-B3B2-0E8CF4610B1A}.Release|x64.Build.0 = Release|x64
		{F76CAB6E-9564-4C90-B3B2-0E8CF4610B1A}.Release|x86.ActiveCfg = Release|Win32
		{F76CAB6E-9564-4C90-B3B2-0E8CF4610B1A}.Release|x86.Build.0 = Release|Win32
	EndGlobalSection
	GlobalSection(SolutionProperties) = preSolution
		HideSolutionNode = FALSE
	EndGlobalSection
	GlobalSection(ExtensibilityGlobals) = postSolution
		SolutionGuid = {C8C3713F-7CEF-4056-B25D-D3D576F67DDC}
	EndGlobalSection
EndGlobal
